
Microsoft Visual Studio Solution File, Format Version 12.00
# Visual Studio Version 17
VisualStudioVersion = 17.11.35312.102
MinimumVisualStudioVersion = 10.0.40219.1
Project("{FAE04EC0-301F-11D3-BF4B-00C04F79EFBC}") = "b221210566(4)", "b221210566(4)\b221210566(4).csproj", "{A264E52A-1898-4945-AA5E-68BDE7978B43}"
EndProject
Global
	GlobalSection(SolutionConfigurationPlatforms) = preSolution
		Debug|Any CPU = Debug|Any CPU
		Release|Any CPU = Release|Any CPU
	EndGlobalSection
	GlobalSection(ProjectConfigurationPlatforms) = postSolution
		{A264E52A-1898-4945-AA5E-68BDE7978B43}.Debug|Any CPU.ActiveCfg = Debug|Any CPU
		{A264E52A-1898-4945-AA5E-68BDE7978B43}.Debug|Any CPU.Build.0 = Debug|Any CPU
		{A264E52A-1898-4945-AA5E-68BDE7978B43}.Release|Any CPU.ActiveCfg = Release|Any CPU
		{A264E52A-1898-4945-AA5E-68BDE7978B43}.Release|Any CPU.Build.0 = Release|Any CPU
	EndGlobalSection
	GlobalSection(SolutionProperties) = preSolution
		HideSolutionNode = FALSE
	EndGlobalSection
	GlobalSection(ExtensibilityGlobals) = postSolution
		SolutionGuid = {C237C542-7024-464A-8F4D-12C053EE81E6}
	EndGlobalSection
EndGlobal
